// !$*UTF8*$!
{
	archiveVersion = 1;
	classes = {
	};
	objectVersion = 77;
	objects = {

/* Begin PBXBuildFile section */
		A618F3802CA82D1B005DCAC3 /* ChantsViewController.swift in Sources */ = {isa = PBXBuildFile; fileRef = A618F37F2CA82D1B005DCAC3 /* ChantsViewController.swift */; };
		A618F38C2CA84A05005DCAC3 /* Manager.swift in Sources */ = {isa = PBXBuildFile; fileRef = A618F3892CA84A05005DCAC3 /* Manager.swift */; };
		A618F38D2CA84A05005DCAC3 /* Team.swift in Sources */ = {isa = PBXBuildFile; fileRef = A618F38A2CA84A05005DCAC3 /* Team.swift */; };
		A618F3902CA84A08005DCAC3 /* TeamViewModel.swift in Sources */ = {isa = PBXBuildFile; fileRef = A618F38E2CA84A08005DCAC3 /* TeamViewModel.swift */; };
		A6E83A262CA805D5008ACD09 /* Assets.xcassets in Resources */ = {isa = PBXBuildFile; fileRef = A6E83A212CA805D5008ACD09 /* Assets.xcassets */; };
		A6E83A282CA805D5008ACD09 /* LaunchScreen.storyboard in Resources */ = {isa = PBXBuildFile; fileRef = A6E83A242CA805D5008ACD09 /* LaunchScreen.storyboard */; };
		A6E83A292CA805D5008ACD09 /* AppDelegate.swift in Sources */ = {isa = PBXBuildFile; fileRef = A6E83A202CA805D5008ACD09 /* AppDelegate.swift */; };
		A6E83A2B2CA807B7008ACD09 /* Teams.swift in Sources */ = {isa = PBXBuildFile; fileRef = A6E83A2A2CA807B7008ACD09 /* Teams.swift */; };
/* End PBXBuildFile section */

/* Begin PBXFileReference section */
		A618F37F2CA82D1B005DCAC3 /* ChantsViewController.swift */ = {isa = PBXFileReference; lastKnownFileType = sourcecode.swift; path = ChantsViewController.swift; sourceTree = "<group>"; };
		A618F3892CA84A05005DCAC3 /* Manager.swift */ = {isa = PBXFileReference; lastKnownFileType = sourcecode.swift; path = Manager.swift; sourceTree = "<group>"; };
		A618F38A2CA84A05005DCAC3 /* Team.swift */ = {isa = PBXFileReference; lastKnownFileType = sourcecode.swift; path = Team.swift; sourceTree = "<group>"; };
		A618F38E2CA84A08005DCAC3 /* TeamViewModel.swift */ = {isa = PBXFileReference; lastKnownFileType = sourcecode.swift; path = TeamViewModel.swift; sourceTree = "<group>"; };
		A6E839FA2CA7D787008ACD09 /* Football Chants.app */ = {isa = PBXFileReference; explicitFileType = wrapper.application; includeInIndex = 0; path = "Football Chants.app"; sourceTree = BUILT_PRODUCTS_DIR; };
		A6E83A202CA805D5008ACD09 /* AppDelegate.swift */ = {isa = PBXFileReference; lastKnownFileType = sourcecode.swift; path = AppDelegate.swift; sourceTree = "<group>"; };
		A6E83A212CA805D5008ACD09 /* Assets.xcassets */ = {isa = PBXFileReference; lastKnownFileType = folder.assetcatalog; path = Assets.xcassets; sourceTree = "<group>"; };
		A6E83A222CA805D5008ACD09 /* Info.plist */ = {isa = PBXFileReference; lastKnownFileType = text.plist.xml; path = Info.plist; sourceTree = "<group>"; };
		A6E83A232CA805D5008ACD09 /* Base */ = {isa = PBXFileReference; lastKnownFileType = file.storyboard; name = Base; path = Base.lproj/LaunchScreen.storyboard; sourceTree = "<group>"; };
		A6E83A2A2CA807B7008ACD09 /* Teams.swift */ = {isa = PBXFileReference; lastKnownFileType = sourcecode.swift; path = Teams.swift; sourceTree = "<group>"; };
/* End PBXFileReference section */

/* Begin PBXFrameworksBuildPhase section */
		A6E839F72CA7D787008ACD09 /* Frameworks */ = {
			isa = PBXFrameworksBuildPhase;
			buildActionMask = 2147483647;
			files = (
			);
			runOnlyForDeploymentPostprocessing = 0;
		};
/* End PBXFrameworksBuildPhase section */

/* Begin PBXGroup section */
		A618F37D2CA82CEE005DCAC3 /* Views */ = {
			isa = PBXGroup;
			children = (
				A618F37F2CA82D1B005DCAC3 /* ChantsViewController.swift */,
			);
			path = Views;
			sourceTree = "<group>";
		};
		A618F38B2CA84A05005DCAC3 /* Models */ = {
			isa = PBXGroup;
			children = (
				A618F3892CA84A05005DCAC3 /* Manager.swift */,
				A618F38A2CA84A05005DCAC3 /* Team.swift */,
			);
			path = Models;
			sourceTree = "<group>";
		};
		A618F38F2CA84A08005DCAC3 /* ViewModels */ = {
			isa = PBXGroup;
			children = (
				A618F38E2CA84A08005DCAC3 /* TeamViewModel.swift */,
			);
			path = ViewModels;
			sourceTree = "<group>";
		};
		A6E839F12CA7D787008ACD09 = {
			isa = PBXGroup;
			children = (
				A6E83A182CA805BF008ACD09 /* Football Chants */,
				A6E839FB2CA7D787008ACD09 /* Products */,
			);
			sourceTree = "<group>";
		};
		A6E839FB2CA7D787008ACD09 /* Products */ = {
			isa = PBXGroup;
			children = (
				A6E839FA2CA7D787008ACD09 /* Football Chants.app */,
			);
			name = Products;
			sourceTree = "<group>";
		};
		A6E83A182CA805BF008ACD09 /* Football Chants */ = {
			isa = PBXGroup;
			children = (
				A618F38B2CA84A05005DCAC3 /* Models */,
				A618F37D2CA82CEE005DCAC3 /* Views */,
				A618F38F2CA84A08005DCAC3 /* ViewModels */,
				A6E83A2A2CA807B7008ACD09 /* Teams.swift */,
				A6E83A252CA805D5008ACD09 /* Resource */,
			);
			path = "Football Chants";
			sourceTree = "<group>";
		};
		A6E83A252CA805D5008ACD09 /* Resource */ = {
			isa = PBXGroup;
			children = (
				A6E83A202CA805D5008ACD09 /* AppDelegate.swift */,
				A6E83A212CA805D5008ACD09 /* Assets.xcassets */,
				A6E83A222CA805D5008ACD09 /* Info.plist */,
				A6E83A242CA805D5008ACD09 /* LaunchScreen.storyboard */,
			);
			path = Resource;
			sourceTree = "<group>";
		};
/* End PBXGroup section */

/* Begin PBXNativeTarget section */
		A6E839F92CA7D787008ACD09 /* Football Chants */ = {
			isa = PBXNativeTarget;
			buildConfigurationList = A6E83A0D2CA7D789008ACD09 /* Build configuration list for PBXNativeTarget "Football Chants" */;
			buildPhases = (
				A6E839F62CA7D787008ACD09 /* Sources */,
				A6E839F72CA7D787008ACD09 /* Frameworks */,
				A6E839F82CA7D787008ACD09 /* Resources */,
			);
			buildRules = (
			);
			dependencies = (
			);
			name = "Football Chants";
			packageProductDependencies = (
			);
			productName = "Football Chants";
			productReference = A6E839FA2CA7D787008ACD09 /* Football Chants.app */;
			productType = "com.apple.product-type.application";
		};
/* End PBXNativeTarget section */

/* Begin PBXProject section */
		A6E839F22CA7D787008ACD09 /* Project object */ = {
			isa = PBXProject;
			attributes = {
				BuildIndependentTargetsInParallel = 1;
				LastSwiftUpdateCheck = 1600;
				LastUpgradeCheck = 1600;
				TargetAttributes = {
					A6E839F92CA7D787008ACD09 = {
						CreatedOnToolsVersion = 16.0;
					};
				};
			};
			buildConfigurationList = A6E839F52CA7D787008ACD09 /* Build configuration list for PBXProject "Football Chants" */;
			developmentRegion = en;
			hasScannedForEncodings = 0;
			knownRegions = (
				en,
				Base,
			);
			mainGroup = A6E839F12CA7D787008ACD09;
			minimizedProjectReferenceProxies = 1;
			preferredProjectObjectVersion = 77;
			productRefGroup = A6E839FB2CA7D787008ACD09 /* Products */;
			projectDirPath = "";
			projectRoot = "";
			targets = (
				A6E839F92CA7D787008ACD09 /* Football Chants */,
			);
		};
/* End PBXProject section */

/* Begin PBXResourcesBuildPhase section */
		A6E839F82CA7D787008ACD09 /* Resources */ = {
			isa = PBXResourcesBuildPhase;
			buildActionMask = 2147483647;
			files = (
				A6E83A262CA805D5008ACD09 /* Assets.xcassets in Resources */,
				A6E83A282CA805D5008ACD09 /* LaunchScreen.storyboard in Resources */,
			);
			runOnlyForDeploymentPostprocessing = 0;
		};
/* End PBXResourcesBuildPhase section */

/* Begin PBXSourcesBuildPhase section */
		A6E839F62CA7D787008ACD09 /* Sources */ = {
			isa = PBXSourcesBuildPhase;
			buildActionMask = 2147483647;
			files = (
				A618F3802CA82D1B005DCAC3 /* ChantsViewController.swift in Sources */,
				A6E83A2B2CA807B7008ACD09 /* Teams.swift in Sources */,
				A6E83A292CA805D5008ACD09 /* AppDelegate.swift in Sources */,
				A618F38C2CA84A05005DCAC3 /* Manager.swift in Sources */,
				A618F38D2CA84A05005DCAC3 /* Team.swift in Sources */,
				A618F3902CA84A08005DCAC3 /* TeamViewModel.swift in Sources */,
			);
			runOnlyForDeploymentPostprocessing = 0;
		};
/* End PBXSourcesBuildPhase section */

/* Begin PBXVariantGroup section */
		A6E83A242CA805D5008ACD09 /* LaunchScreen.storyboard */ = {
			isa = PBXVariantGroup;
			children = (
				A6E83A232CA805D5008ACD09 /* Base */,
			);
			name = LaunchScreen.storyboard;
			sourceTree = "<group>";
		};
/* End PBXVariantGroup section */

/* Begin XCBuildConfiguration section */
		A6E83A0E2CA7D789008ACD09 /* Debug */ = {
			isa = XCBuildConfiguration;
			buildSettings = {
				ASSETCATALOG_COMPILER_APPICON_NAME = AppIcon;
				ASSETCATALOG_COMPILER_GLOBAL_ACCENT_COLOR_NAME = AccentColor;
				CODE_SIGN_STYLE = Automatic;
				CURRENT_PROJECT_VERSION = 1;
				DEVELOPMENT_TEAM = 928DGHHNA5;
				GENERATE_INFOPLIST_FILE = YES;
				INFOPLIST_FILE = "Football Chants/Resource/Info.plist";
				INFOPLIST_KEY_UIApplicationSupportsIndirectInputEvents = YES;
				INFOPLIST_KEY_UILaunchStoryboardName = LaunchScreen;
				INFOPLIST_KEY_UISupportedInterfaceOrientations = UIInterfaceOrientationPortrait;
				INFOPLIST_KEY_UISupportedInterfaceOrientations_iPad = "UIInterfaceOrientationLandscapeLeft UIInterfaceOrientationLandscapeRight UIInterfaceOrientationPortrait UIInterfaceOrientationPortraitUpsideDown";
				LD_RUNPATH_SEARCH_PATHS = (
					"$(inherited)",
					"@executable_path/Frameworks",
				);
				MARKETING_VERSION = 1.0;
				PRODUCT_BUNDLE_IDENTIFIER = "com.Football-Chants";
				PRODUCT_NAME = "$(TARGET_NAME)";
				SWIFT_EMIT_LOC_STRINGS = YES;
				SWIFT_VERSION = 5.0;
				TARGETED_DEVICE_FAMILY = "1,2";
			};
			name = Debug;
		};
		A6E83A0F2CA7D789008ACD09 /* Release */ = {
			isa = XCBuildConfiguration;
			buildSettings = {
				ASSETCATALOG_COMPILER_APPICON_NAME = AppIcon;
				ASSETCATALOG_COMPILER_GLOBAL_ACCENT_COLOR_NAME = AccentColor;
				CODE_SIGN_STYLE = Automatic;
				CURRENT_PROJECT_VERSION = 1;
				DEVELOPMENT_TEAM = 928DGHHNA5;
				GENERATE_INFOPLIST_FILE = YES;
				INFOPLIST_FILE = "Football Chants/Resource/Info.plist";
				INFOPLIST_KEY_UIApplicationSupportsIndirectInputEvents = YES;
				INFOPLIST_KEY_UILaunchStoryboardName = LaunchScreen;
				INFOPLIST_KEY_UISupportedInterfaceOrientations = UIInterfaceOrientationPortrait;
				INFOPLIST_KEY_UISupportedInterfaceOrientations_iPad = "UIInterfaceOrientationLandscapeLeft UIInterfaceOrientationLandscapeRight UIInterfaceOrientationPortrait UIInterfaceOrientationPortraitUpsideDown";
				LD_RUNPATH_SEARCH_PATHS = (
					"$(inherited)",
					"@executable_path/Frameworks",
				);
				MARKETING_VERSION = 1.0;
				PRODUCT_BUNDLE_IDENTIFIER = "com.Football-Chants";
				PRODUCT_NAME = "$(TARGET_NAME)";
				SWIFT_EMIT_LOC_STRINGS = YES;
				SWIFT_VERSION = 5.0;
				TARGETED_DEVICE_FAMILY = "1,2";
			};
			name = Release;
		};
		A6E83A102CA7D789008ACD09 /* Debug */ = {
			isa = XCBuildConfiguration;
			buildSettings = {
				ALWAYS_SEARCH_USER_PATHS = NO;
				ASSETCATALOG_COMPILER_GENERATE_SWIFT_ASSET_SYMBOL_EXTENSIONS = YES;
				CLANG_ANALYZER_NONNULL = YES;
				CLANG_ANALYZER_NUMBER_OBJECT_CONVERSION = YES_AGGRESSIVE;
				CLANG_CXX_LANGUAGE_STANDARD = "gnu++20";
				CLANG_ENABLE_MODULES = YES;
				CLANG_ENABLE_OBJC_ARC = YES;
				CLANG_ENABLE_OBJC_WEAK = YES;
				CLANG_WARN_BLOCK_CAPTURE_AUTORELEASING = YES;
				CLANG_WARN_BOOL_CONVERSION = YES;
				CLANG_WARN_COMMA = YES;
				CLANG_WARN_CONSTANT_CONVERSION = YES;
				CLANG_WARN_DEPRECATED_OBJC_IMPLEMENTATIONS = YES;
				CLANG_WARN_DIRECT_OBJC_ISA_USAGE = YES_ERROR;
				CLANG_WARN_DOCUMENTATION_COMMENTS = YES;
				CLANG_WARN_EMPTY_BODY = YES;
				CLANG_WARN_ENUM_CONVERSION = YES;
				CLANG_WARN_INFINITE_RECURSION = YES;
				CLANG_WARN_INT_CONVERSION = YES;
				CLANG_WARN_NON_LITERAL_NULL_CONVERSION = YES;
				CLANG_WARN_OBJC_IMPLICIT_RETAIN_SELF = YES;
				CLANG_WARN_OBJC_LITERAL_CONVERSION = YES;
				CLANG_WARN_OBJC_ROOT_CLASS = YES_ERROR;
				CLANG_WARN_QUOTED_INCLUDE_IN_FRAMEWORK_HEADER = YES;
				CLANG_WARN_RANGE_LOOP_ANALYSIS = YES;
				CLANG_WARN_STRICT_PROTOTYPES = YES;
				CLANG_WARN_SUSPICIOUS_MOVE = YES;
				CLANG_WARN_UNGUARDED_AVAILABILITY = YES_AGGRESSIVE;
				CLANG_WARN_UNREACHABLE_CODE = YES;
				CLANG_WARN__DUPLICATE_METHOD_MATCH = YES;
				COPY_PHASE_STRIP = NO;
				DEBUG_INFORMATION_FORMAT = dwarf;
				ENABLE_STRICT_OBJC_MSGSEND = YES;
				ENABLE_TESTABILITY = YES;
				ENABLE_USER_SCRIPT_SANDBOXING = YES;
				GCC_C_LANGUAGE_STANDARD = gnu17;
				GCC_DYNAMIC_NO_PIC = NO;
				GCC_NO_COMMON_BLOCKS = YES;
				GCC_OPTIMIZATION_LEVEL = 0;
				GCC_PREPROCESSOR_DEFINITIONS = (
					"DEBUG=1",
					"$(inherited)",
				);
				GCC_WARN_64_TO_32_BIT_CONVERSION = YES;
				GCC_WARN_ABOUT_RETURN_TYPE = YES_ERROR;
				GCC_WARN_UNDECLARED_SELECTOR = YES;
				GCC_WARN_UNINITIALIZED_AUTOS = YES_AGGRESSIVE;
				GCC_WARN_UNUSED_FUNCTION = YES;
				GCC_WARN_UNUSED_VARIABLE = YES;
				IPHONEOS_DEPLOYMENT_TARGET = 18.0;
				LOCALIZATION_PREFERS_STRING_CATALOGS = YES;
				MTL_ENABLE_DEBUG_INFO = INCLUDE_SOURCE;
				MTL_FAST_MATH = YES;
				ONLY_ACTIVE_ARCH = YES;
				SDKROOT = iphoneos;
				SWIFT_ACTIVE_COMPILATION_CONDITIONS = "DEBUG $(inherited)";
				SWIFT_OPTIMIZATION_LEVEL = "-Onone";
			};
			name = Debug;
		};
		A6E83A112CA7D789008ACD09 /* Release */ = {
			isa = XCBuildConfiguration;
			buildSettings = {
				ALWAYS_SEARCH_USER_PATHS = NO;
				ASSETCATALOG_COMPILER_GENERATE_SWIFT_ASSET_SYMBOL_EXTENSIONS = YES;
				CLANG_ANALYZER_NONNULL = YES;
				CLANG_ANALYZER_NUMBER_OBJECT_CONVERSION = YES_AGGRESSIVE;
				CLANG_CXX_LANGUAGE_STANDARD = "gnu++20";
				CLANG_ENABLE_MODULES = YES;
				CLANG_ENABLE_OBJC_ARC = YES;
				CLANG_ENABLE_OBJC_WEAK = YES;
				CLANG_WARN_BLOCK_CAPTURE_AUTORELEASING = YES;
				CLANG_WARN_BOOL_CONVERSION = YES;
				CLANG_WARN_COMMA = YES;
				CLANG_WARN_CONSTANT_CONVERSION = YES;
				CLANG_WARN_DEPRECATED_OBJC_IMPLEMENTATIONS = YES;
				CLANG_WARN_DIRECT_OBJC_ISA_USAGE = YES_ERROR;
				CLANG_WARN_DOCUMENTATION_COMMENTS = YES;
				CLANG_WARN_EMPTY_BODY = YES;
				CLANG_WARN_ENUM_CONVERSION = YES;
				CLANG_WARN_INFINITE_RECURSION = YES;
				CLANG_WARN_INT_CONVERSION = YES;
				CLANG_WARN_NON_LITERAL_NULL_CONVERSION = YES;
				CLANG_WARN_OBJC_IMPLICIT_RETAIN_SELF = YES;
				CLANG_WARN_OBJC_LITERAL_CONVERSION = YES;
				CLANG_WARN_OBJC_ROOT_CLASS = YES_ERROR;
				CLANG_WARN_QUOTED_INCLUDE_IN_FRAMEWORK_HEADER = YES;
				CLANG_WARN_RANGE_LOOP_ANALYSIS = YES;
				CLANG_WARN_STRICT_PROTOTYPES = YES;
				CLANG_WARN_SUSPICIOUS_MOVE = YES;
				CLANG_WARN_UNGUARDED_AVAILABILITY = YES_AGGRESSIVE;
				CLANG_WARN_UNREACHABLE_CODE = YES;
				CLANG_WARN__DUPLICATE_METHOD_MATCH = YES;
				COPY_PHASE_STRIP = NO;
				DEBUG_INFORMATION_FORMAT = "dwarf-with-dsym";
				ENABLE_NS_ASSERTIONS = NO;
				ENABLE_STRICT_OBJC_MSGSEND = YES;
				ENABLE_USER_SCRIPT_SANDBOXING = YES;
				GCC_C_LANGUAGE_STANDARD = gnu17;
				GCC_NO_COMMON_BLOCKS = YES;
				GCC_WARN_64_TO_32_BIT_CONVERSION = YES;
				GCC_WARN_ABOUT_RETURN_TYPE = YES_ERROR;
				GCC_WARN_UNDECLARED_SELECTOR = YES;
				GCC_WARN_UNINITIALIZED_AUTOS = YES_AGGRESSIVE;
				GCC_WARN_UNUSED_FUNCTION = YES;
				GCC_WARN_UNUSED_VARIABLE = YES;
				IPHONEOS_DEPLOYMENT_TARGET = 18.0;
				LOCALIZATION_PREFERS_STRING_CATALOGS = YES;
				MTL_ENABLE_DEBUG_INFO = NO;
				MTL_FAST_MATH = YES;
				SDKROOT = iphoneos;
				SWIFT_COMPILATION_MODE = wholemodule;
				VALIDATE_PRODUCT = YES;
			};
			name = Release;
		};
/* End XCBuildConfiguration section */

/* Begin XCConfigurationList section */
		A6E839F52CA7D787008ACD09 /* Build configuration list for PBXProject "Football Chants" */ = {
			isa = XCConfigurationList;
			buildConfigurations = (
				A6E83A102CA7D789008ACD09 /* Debug */,
				A6E83A112CA7D789008ACD09 /* Release */,
			);
			defaultConfigurationIsVisible = 0;
			defaultConfigurationName = Release;
		};
		A6E83A0D2CA7D789008ACD09 /* Build configuration list for PBXNativeTarget "Football Chants" */ = {
			isa = XCConfigurationList;
			buildConfigurations = (
				A6E83A0E2CA7D789008ACD09 /* Debug */,
				A6E83A0F2CA7D789008ACD09 /* Release */,
			);
			defaultConfigurationIsVisible = 0;
			defaultConfigurationName = Release;
		};
/* End XCConfigurationList section */
	};
	rootObject = A6E839F22CA7D787008ACD09 /* Project object */;
}
